// !$*UTF8*$!
{
	archiveVersion = 1;
	classes = {
	};
	objectVersion = 46;
	objects = {

/* Begin PBXBuildFile section */
		074BEB1A1ACF48DA00EB0A87 /* bios.jpg in Resources */ = {isa = PBXBuildFile; fileRef = 074BEB181ACF48DA00EB0A87 /* bios.jpg */; };
		074BEB1E1ACF500900EB0A87 /* defqon.jpg in Resources */ = {isa = PBXBuildFile; fileRef = 074BEB1C1ACF500900EB0A87 /* defqon.jpg */; };
		074BEB1F1ACF500900EB0A87 /* qlimax.jpg in Resources */ = {isa = PBXBuildFile; fileRef = 074BEB1D1ACF500900EB0A87 /* qlimax.jpg */; };
		074BEB211ACF51EF00EB0A87 /* food.jpg in Resources */ = {isa = PBXBuildFile; fileRef = 074BEB201ACF51EF00EB0A87 /* food.jpg */; };
		074BEB231ACF541600EB0A87 /* burgerszoo.jpg in Resources */ = {isa = PBXBuildFile; fileRef = 074BEB221ACF541600EB0A87 /* burgerszoo.jpg */; };
		074BEB251ACF54D400EB0A87 /* efteling.jpg in Resources */ = {isa = PBXBuildFile; fileRef = 074BEB241ACF54D400EB0A87 /* efteling.jpg */; };
		077B15901AC4527E00B04439 /* newActivityViewController.swift in Sources */ = {isa = PBXBuildFile; fileRef = 077B158F1AC4527E00B04439 /* newActivityViewController.swift */; };
		0797DC1E1ACD3DDA0007179D /* CollectionViewCell.swift in Sources */ = {isa = PBXBuildFile; fileRef = 0797DC1D1ACD3DDA0007179D /* CollectionViewCell.swift */; };
		0797DC221ACD3F9F0007179D /* ActivityProvider.swift in Sources */ = {isa = PBXBuildFile; fileRef = 0797DC211ACD3F9F0007179D /* ActivityProvider.swift */; };
		0797DC2B1ACD45670007179D /* decibel.jpg in Resources */ = {isa = PBXBuildFile; fileRef = 0797DC251ACD45670007179D /* decibel.jpg */; };
		0797DC2F1ACD45670007179D /* sealife.jpg in Resources */ = {isa = PBXBuildFile; fileRef = 0797DC291ACD45670007179D /* sealife.jpg */; };
		0797DC331ACD55940007179D /* ViewController.swift in Sources */ = {isa = PBXBuildFile; fileRef = 0797DC321ACD55940007179D /* ViewController.swift */; };
		07E9BDDB1ACD62CB00229293 /* ActivityDetailViewController.swift in Sources */ = {isa = PBXBuildFile; fileRef = 07E9BDDA1ACD62CB00229293 /* ActivityDetailViewController.swift */; };
		07E9BDDD1ACD765B00229293 /* summer@2x.png in Resources */ = {isa = PBXBuildFile; fileRef = 07E9BDDC1ACD765B00229293 /* summer@2x.png */; };
		07E9BDDF1ACD77EA00229293 /* checkmark@2x.png in Resources */ = {isa = PBXBuildFile; fileRef = 07E9BDDE1ACD77EA00229293 /* checkmark@2x.png */; };
		07E9BDE11ACD785D00229293 /* add@2x.png in Resources */ = {isa = PBXBuildFile; fileRef = 07E9BDE01ACD785D00229293 /* add@2x.png */; };
		07E9BDE41ACD7BA900229293 /* TableViewController.swift in Sources */ = {isa = PBXBuildFile; fileRef = 07E9BDE21ACD7BA900229293 /* TableViewController.swift */; };
		07E9BDE51ACD7BA900229293 /* swipeablecell.swift in Sources */ = {isa = PBXBuildFile; fileRef = 07E9BDE31ACD7BA900229293 /* swipeablecell.swift */; };
		F516A5521AC4360200258CC5 /* AppDelegate.swift in Sources */ = {isa = PBXBuildFile; fileRef = F516A5511AC4360200258CC5 /* AppDelegate.swift */; };
		F516A5571AC4360200258CC5 /* Main.storyboard in Resources */ = {isa = PBXBuildFile; fileRef = F516A5551AC4360200258CC5 /* Main.storyboard */; };
		F516A5591AC4360200258CC5 /* Images.xcassets in Resources */ = {isa = PBXBuildFile; fileRef = F516A5581AC4360200258CC5 /* Images.xcassets */; };
		F516A55C1AC4360200258CC5 /* LaunchScreen.xib in Resources */ = {isa = PBXBuildFile; fileRef = F516A55A1AC4360200258CC5 /* LaunchScreen.xib */; };
		F516A5681AC4360200258CC5 /* PlanAwayTests.swift in Sources */ = {isa = PBXBuildFile; fileRef = F516A5671AC4360200258CC5 /* PlanAwayTests.swift */; };
		F516A5761AC440FD00258CC5 /* Activity.swift in Sources */ = {isa = PBXBuildFile; fileRef = F516A5751AC440FD00258CC5 /* Activity.swift */; };
		F54438601AD66E8400009A2E /* pendingActivities.swift in Sources */ = {isa = PBXBuildFile; fileRef = F544385F1AD66E8400009A2E /* pendingActivities.swift */; };
		F54438621AD66FA800009A2E /* pendingActivityProvider.swift in Sources */ = {isa = PBXBuildFile; fileRef = F54438611AD66FA800009A2E /* pendingActivityProvider.swift */; };
/* End PBXBuildFile section */

/* Begin PBXContainerItemProxy section */
		F516A5621AC4360200258CC5 /* PBXContainerItemProxy */ = {
			isa = PBXContainerItemProxy;
			containerPortal = F516A5441AC4360200258CC5 /* Project object */;
			proxyType = 1;
			remoteGlobalIDString = F516A54B1AC4360200258CC5;
			remoteInfo = PlanAway;
		};
/* End PBXContainerItemProxy section */

/* Begin PBXFileReference section */
		074BEB181ACF48DA00EB0A87 /* bios.jpg */ = {isa = PBXFileReference; lastKnownFileType = image.jpeg; path = bios.jpg; sourceTree = "<group>"; };
		074BEB1C1ACF500900EB0A87 /* defqon.jpg */ = {isa = PBXFileReference; lastKnownFileType = image.jpeg; path = defqon.jpg; sourceTree = "<group>"; };
		074BEB1D1ACF500900EB0A87 /* qlimax.jpg */ = {isa = PBXFileReference; lastKnownFileType = image.jpeg; path = qlimax.jpg; sourceTree = "<group>"; };
		074BEB201ACF51EF00EB0A87 /* food.jpg */ = {isa = PBXFileReference; lastKnownFileType = image.jpeg; path = food.jpg; sourceTree = "<group>"; };
		074BEB221ACF541600EB0A87 /* burgerszoo.jpg */ = {isa = PBXFileReference; lastKnownFileType = image.jpeg; path = burgerszoo.jpg; sourceTree = "<group>"; };
		074BEB241ACF54D400EB0A87 /* efteling.jpg */ = {isa = PBXFileReference; lastKnownFileType = image.jpeg; path = efteling.jpg; sourceTree = "<group>"; };
		077B158F1AC4527E00B04439 /* newActivityViewController.swift */ = {isa = PBXFileReference; fileEncoding = 4; lastKnownFileType = sourcecode.swift; path = newActivityViewController.swift; sourceTree = "<group>"; };
		0797DC1D1ACD3DDA0007179D /* CollectionViewCell.swift */ = {isa = PBXFileReference; fileEncoding = 4; lastKnownFileType = sourcecode.swift; path = CollectionViewCell.swift; sourceTree = "<group>"; };
		0797DC211ACD3F9F0007179D /* ActivityProvider.swift */ = {isa = PBXFileReference; fileEncoding = 4; lastKnownFileType = sourcecode.swift; path = ActivityProvider.swift; sourceTree = "<group>"; };
		0797DC251ACD45670007179D /* decibel.jpg */ = {isa = PBXFileReference; lastKnownFileType = image.jpeg; path = decibel.jpg; sourceTree = "<group>"; };
		0797DC291ACD45670007179D /* sealife.jpg */ = {isa = PBXFileReference; lastKnownFileType = image.jpeg; path = sealife.jpg; sourceTree = "<group>"; };
		0797DC321ACD55940007179D /* ViewController.swift */ = {isa = PBXFileReference; fileEncoding = 4; lastKnownFileType = sourcecode.swift; path = ViewController.swift; sourceTree = "<group>"; };
		07E9BDDA1ACD62CB00229293 /* ActivityDetailViewController.swift */ = {isa = PBXFileReference; fileEncoding = 4; lastKnownFileType = sourcecode.swift; path = ActivityDetailViewController.swift; sourceTree = "<group>"; };
		07E9BDDC1ACD765B00229293 /* summer@2x.png */ = {isa = PBXFileReference; lastKnownFileType = image.png; path = "summer@2x.png"; sourceTree = "<group>"; };
		07E9BDDE1ACD77EA00229293 /* checkmark@2x.png */ = {isa = PBXFileReference; lastKnownFileType = image.png; path = "checkmark@2x.png"; sourceTree = "<group>"; };
		07E9BDE01ACD785D00229293 /* add@2x.png */ = {isa = PBXFileReference; lastKnownFileType = image.png; path = "add@2x.png"; sourceTree = "<group>"; };
		07E9BDE21ACD7BA900229293 /* TableViewController.swift */ = {isa = PBXFileReference; fileEncoding = 4; lastKnownFileType = sourcecode.swift; path = TableViewController.swift; sourceTree = "<group>"; };
		07E9BDE31ACD7BA900229293 /* swipeablecell.swift */ = {isa = PBXFileReference; fileEncoding = 4; lastKnownFileType = sourcecode.swift; path = swipeablecell.swift; sourceTree = "<group>"; };
		F516A54C1AC4360200258CC5 /* PlanAway.app */ = {isa = PBXFileReference; explicitFileType = wrapper.application; includeInIndex = 0; path = PlanAway.app; sourceTree = BUILT_PRODUCTS_DIR; };
		F516A5501AC4360200258CC5 /* Info.plist */ = {isa = PBXFileReference; lastKnownFileType = text.plist.xml; path = Info.plist; sourceTree = "<group>"; };
		F516A5511AC4360200258CC5 /* AppDelegate.swift */ = {isa = PBXFileReference; lastKnownFileType = sourcecode.swift; path = AppDelegate.swift; sourceTree = "<group>"; };
		F516A5561AC4360200258CC5 /* Base */ = {isa = PBXFileReference; lastKnownFileType = file.storyboard; name = Base; path = Base.lproj/Main.storyboard; sourceTree = "<group>"; };
		F516A5581AC4360200258CC5 /* Images.xcassets */ = {isa = PBXFileReference; lastKnownFileType = folder.assetcatalog; path = Images.xcassets; sourceTree = "<group>"; };
		F516A55B1AC4360200258CC5 /* Base */ = {isa = PBXFileReference; lastKnownFileType = file.xib; name = Base; path = Base.lproj/LaunchScreen.xib; sourceTree = "<group>"; };
		F516A5611AC4360200258CC5 /* PlanAwayTests.xctest */ = {isa = PBXFileReference; explicitFileType = wrapper.cfbundle; includeInIndex = 0; path = PlanAwayTests.xctest; sourceTree = BUILT_PRODUCTS_DIR; };
		F516A5661AC4360200258CC5 /* Info.plist */ = {isa = PBXFileReference; lastKnownFileType = text.plist.xml; path = Info.plist; sourceTree = "<group>"; };
		F516A5671AC4360200258CC5 /* PlanAwayTests.swift */ = {isa = PBXFileReference; lastKnownFileType = sourcecode.swift; path = PlanAwayTests.swift; sourceTree = "<group>"; };
		F516A5751AC440FD00258CC5 /* Activity.swift */ = {isa = PBXFileReference; fileEncoding = 4; lastKnownFileType = sourcecode.swift; path = Activity.swift; sourceTree = "<group>"; };
		F544385F1AD66E8400009A2E /* pendingActivities.swift */ = {isa = PBXFileReference; fileEncoding = 4; lastKnownFileType = sourcecode.swift; path = pendingActivities.swift; sourceTree = "<group>"; };
		F54438611AD66FA800009A2E /* pendingActivityProvider.swift */ = {isa = PBXFileReference; fileEncoding = 4; lastKnownFileType = sourcecode.swift; path = pendingActivityProvider.swift; sourceTree = "<group>"; };
/* End PBXFileReference section */

/* Begin PBXFrameworksBuildPhase section */
		F516A5491AC4360200258CC5 /* Frameworks */ = {
			isa = PBXFrameworksBuildPhase;
			buildActionMask = 2147483647;
			files = (
			);
			runOnlyForDeploymentPostprocessing = 0;
		};
		F516A55E1AC4360200258CC5 /* Frameworks */ = {
			isa = PBXFrameworksBuildPhase;
			buildActionMask = 2147483647;
			files = (
			);
			runOnlyForDeploymentPostprocessing = 0;
		};
/* End PBXFrameworksBuildPhase section */

/* Begin PBXGroup section */
		0797DC231ACD45530007179D /* Images */ = {
			isa = PBXGroup;
			children = (
				074BEB181ACF48DA00EB0A87 /* bios.jpg */,
				07E9BDDE1ACD77EA00229293 /* checkmark@2x.png */,
				07E9BDDC1ACD765B00229293 /* summer@2x.png */,
				074BEB201ACF51EF00EB0A87 /* food.jpg */,
				074BEB221ACF541600EB0A87 /* burgerszoo.jpg */,
				074BEB241ACF54D400EB0A87 /* efteling.jpg */,
				07E9BDE01ACD785D00229293 /* add@2x.png */,
				074BEB1C1ACF500900EB0A87 /* defqon.jpg */,
				074BEB1D1ACF500900EB0A87 /* qlimax.jpg */,
				0797DC251ACD45670007179D /* decibel.jpg */,
				0797DC291ACD45670007179D /* sealife.jpg */,
			);
			name = Images;
			sourceTree = "<group>";
		};
		F516A5431AC4360200258CC5 = {
			isa = PBXGroup;
			children = (
				F516A54E1AC4360200258CC5 /* PlanAway */,
				F516A5641AC4360200258CC5 /* PlanAwayTests */,
				F516A54D1AC4360200258CC5 /* Products */,
			);
			sourceTree = "<group>";
		};
		F516A54D1AC4360200258CC5 /* Products */ = {
			isa = PBXGroup;
			children = (
				F516A54C1AC4360200258CC5 /* PlanAway.app */,
				F516A5611AC4360200258CC5 /* PlanAwayTests.xctest */,
			);
			name = Products;
			sourceTree = "<group>";
		};
		F516A54E1AC4360200258CC5 /* PlanAway */ = {
			isa = PBXGroup;
			children = (
				0797DC231ACD45530007179D /* Images */,
				F516A5511AC4360200258CC5 /* AppDelegate.swift */,
				0797DC321ACD55940007179D /* ViewController.swift */,
				F516A5551AC4360200258CC5 /* Main.storyboard */,
				F516A5581AC4360200258CC5 /* Images.xcassets */,
				F516A55A1AC4360200258CC5 /* LaunchScreen.xib */,
				F516A54F1AC4360200258CC5 /* Supporting Files */,
				07E9BDE21ACD7BA900229293 /* TableViewController.swift */,
				07E9BDE31ACD7BA900229293 /* swipeablecell.swift */,
				0797DC1D1ACD3DDA0007179D /* CollectionViewCell.swift */,
				F516A5751AC440FD00258CC5 /* Activity.swift */,
				077B158F1AC4527E00B04439 /* newActivityViewController.swift */,
				0797DC211ACD3F9F0007179D /* ActivityProvider.swift */,
				07E9BDDA1ACD62CB00229293 /* ActivityDetailViewController.swift */,
				F544385F1AD66E8400009A2E /* pendingActivities.swift */,
				F54438611AD66FA800009A2E /* pendingActivityProvider.swift */,
			);
			path = PlanAway;
			sourceTree = "<group>";
		};
		F516A54F1AC4360200258CC5 /* Supporting Files */ = {
			isa = PBXGroup;
			children = (
				F516A5501AC4360200258CC5 /* Info.plist */,
			);
			name = "Supporting Files";
			sourceTree = "<group>";
		};
		F516A5641AC4360200258CC5 /* PlanAwayTests */ = {
			isa = PBXGroup;
			children = (
				F516A5671AC4360200258CC5 /* PlanAwayTests.swift */,
				F516A5651AC4360200258CC5 /* Supporting Files */,
			);
			path = PlanAwayTests;
			sourceTree = "<group>";
		};
		F516A5651AC4360200258CC5 /* Supporting Files */ = {
			isa = PBXGroup;
			children = (
				F516A5661AC4360200258CC5 /* Info.plist */,
			);
			name = "Supporting Files";
			sourceTree = "<group>";
		};
/* End PBXGroup section */

/* Begin PBXNativeTarget section */
		F516A54B1AC4360200258CC5 /* PlanAway */ = {
			isa = PBXNativeTarget;
			buildConfigurationList = F516A56B1AC4360200258CC5 /* Build configuration list for PBXNativeTarget "PlanAway" */;
			buildPhases = (
				F516A5481AC4360200258CC5 /* Sources */,
				F516A5491AC4360200258CC5 /* Frameworks */,
				F516A54A1AC4360200258CC5 /* Resources */,
			);
			buildRules = (
			);
			dependencies = (
			);
			name = PlanAway;
			productName = PlanAway;
			productReference = F516A54C1AC4360200258CC5 /* PlanAway.app */;
			productType = "com.apple.product-type.application";
		};
		F516A5601AC4360200258CC5 /* PlanAwayTests */ = {
			isa = PBXNativeTarget;
			buildConfigurationList = F516A56E1AC4360200258CC5 /* Build configuration list for PBXNativeTarget "PlanAwayTests" */;
			buildPhases = (
				F516A55D1AC4360200258CC5 /* Sources */,
				F516A55E1AC4360200258CC5 /* Frameworks */,
				F516A55F1AC4360200258CC5 /* Resources */,
			);
			buildRules = (
			);
			dependencies = (
				F516A5631AC4360200258CC5 /* PBXTargetDependency */,
			);
			name = PlanAwayTests;
			productName = PlanAwayTests;
			productReference = F516A5611AC4360200258CC5 /* PlanAwayTests.xctest */;
			productType = "com.apple.product-type.bundle.unit-test";
		};
/* End PBXNativeTarget section */

/* Begin PBXProject section */
		F516A5441AC4360200258CC5 /* Project object */ = {
			isa = PBXProject;
			attributes = {
				LastUpgradeCheck = 0610;
				ORGANIZATIONNAME = Fontys;
				TargetAttributes = {
					F516A54B1AC4360200258CC5 = {
						CreatedOnToolsVersion = 6.1.1;
						DevelopmentTeam = UWTAA8VL2P;
					};
					F516A5601AC4360200258CC5 = {
						CreatedOnToolsVersion = 6.1.1;
						TestTargetID = F516A54B1AC4360200258CC5;
					};
				};
			};
			buildConfigurationList = F516A5471AC4360200258CC5 /* Build configuration list for PBXProject "PlanAway" */;
			compatibilityVersion = "Xcode 3.2";
			developmentRegion = English;
			hasScannedForEncodings = 0;
			knownRegions = (
				en,
				Base,
			);
			mainGroup = F516A5431AC4360200258CC5;
			productRefGroup = F516A54D1AC4360200258CC5 /* Products */;
			projectDirPath = "";
			projectRoot = "";
			targets = (
				F516A54B1AC4360200258CC5 /* PlanAway */,
				F516A5601AC4360200258CC5 /* PlanAwayTests */,
			);
		};
/* End PBXProject section */

/* Begin PBXResourcesBuildPhase section */
		F516A54A1AC4360200258CC5 /* Resources */ = {
			isa = PBXResourcesBuildPhase;
			buildActionMask = 2147483647;
			files = (
				07E9BDE11ACD785D00229293 /* add@2x.png in Resources */,
				0797DC2F1ACD45670007179D /* sealife.jpg in Resources */,
				074BEB1A1ACF48DA00EB0A87 /* bios.jpg in Resources */,
				07E9BDDF1ACD77EA00229293 /* checkmark@2x.png in Resources */,
				074BEB1F1ACF500900EB0A87 /* qlimax.jpg in Resources */,
				F516A5571AC4360200258CC5 /* Main.storyboard in Resources */,
				F516A55C1AC4360200258CC5 /* LaunchScreen.xib in Resources */,
				F516A5591AC4360200258CC5 /* Images.xcassets in Resources */,
				074BEB231ACF541600EB0A87 /* burgerszoo.jpg in Resources */,
				0797DC2B1ACD45670007179D /* decibel.jpg in Resources */,
				074BEB251ACF54D400EB0A87 /* efteling.jpg in Resources */,
				074BEB211ACF51EF00EB0A87 /* food.jpg in Resources */,
				074BEB1E1ACF500900EB0A87 /* defqon.jpg in Resources */,
				07E9BDDD1ACD765B00229293 /* summer@2x.png in Resources */,
			);
			runOnlyForDeploymentPostprocessing = 0;
		};
		F516A55F1AC4360200258CC5 /* Resources */ = {
			isa = PBXResourcesBuildPhase;
			buildActionMask = 2147483647;
			files = (
			);
			runOnlyForDeploymentPostprocessing = 0;
		};
/* End PBXResourcesBuildPhase section */

/* Begin PBXSourcesBuildPhase section */
		F516A5481AC4360200258CC5 /* Sources */ = {
			isa = PBXSourcesBuildPhase;
			buildActionMask = 2147483647;
			files = (
				F54438601AD66E8400009A2E /* pendingActivities.swift in Sources */,
				F516A5761AC440FD00258CC5 /* Activity.swift in Sources */,
				0797DC221ACD3F9F0007179D /* ActivityProvider.swift in Sources */,
				077B15901AC4527E00B04439 /* newActivityViewController.swift in Sources */,
				0797DC1E1ACD3DDA0007179D /* CollectionViewCell.swift in Sources */,
				07E9BDDB1ACD62CB00229293 /* ActivityDetailViewController.swift in Sources */,
				F54438621AD66FA800009A2E /* pendingActivityProvider.swift in Sources */,
				F516A5521AC4360200258CC5 /* AppDelegate.swift in Sources */,
				0797DC331ACD55940007179D /* ViewController.swift in Sources */,
				07E9BDE41ACD7BA900229293 /* TableViewController.swift in Sources */,
				07E9BDE51ACD7BA900229293 /* swipeablecell.swift in Sources */,
			);
			runOnlyForDeploymentPostprocessing = 0;
		};
		F516A55D1AC4360200258CC5 /* Sources */ = {
			isa = PBXSourcesBuildPhase;
			buildActionMask = 2147483647;
			files = (
				F516A5681AC4360200258CC5 /* PlanAwayTests.swift in Sources */,
			);
			runOnlyForDeploymentPostprocessing = 0;
		};
/* End PBXSourcesBuildPhase section */

/* Begin PBXTargetDependency section */
		F516A5631AC4360200258CC5 /* PBXTargetDependency */ = {
			isa = PBXTargetDependency;
			target = F516A54B1AC4360200258CC5 /* PlanAway */;
			targetProxy = F516A5621AC4360200258CC5 /* PBXContainerItemProxy */;
		};
/* End PBXTargetDependency section */

/* Begin PBXVariantGroup section */
		F516A5551AC4360200258CC5 /* Main.storyboard */ = {
			isa = PBXVariantGroup;
			children = (
				F516A5561AC4360200258CC5 /* Base */,
			);
			name = Main.storyboard;
			sourceTree = "<group>";
		};
		F516A55A1AC4360200258CC5 /* LaunchScreen.xib */ = {
			isa = PBXVariantGroup;
			children = (
				F516A55B1AC4360200258CC5 /* Base */,
			);
			name = LaunchScreen.xib;
			sourceTree = "<group>";
		};
/* End PBXVariantGroup section */

/* Begin XCBuildConfiguration section */
		F516A5691AC4360200258CC5 /* Debug */ = {
			isa = XCBuildConfiguration;
			buildSettings = {
				ALWAYS_SEARCH_USER_PATHS = NO;
				CLANG_CXX_LANGUAGE_STANDARD = "gnu++0x";
				CLANG_CXX_LIBRARY = "libc++";
				CLANG_ENABLE_MODULES = YES;
				CLANG_ENABLE_OBJC_ARC = YES;
				CLANG_WARN_BOOL_CONVERSION = YES;
				CLANG_WARN_CONSTANT_CONVERSION = YES;
				CLANG_WARN_DIRECT_OBJC_ISA_USAGE = YES_ERROR;
				CLANG_WARN_EMPTY_BODY = YES;
				CLANG_WARN_ENUM_CONVERSION = YES;
				CLANG_WARN_INT_CONVERSION = YES;
				CLANG_WARN_OBJC_ROOT_CLASS = YES_ERROR;
				CLANG_WARN_UNREACHABLE_CODE = YES;
				CLANG_WARN__DUPLICATE_METHOD_MATCH = YES;
				"CODE_SIGN_IDENTITY[sdk=iphoneos*]" = "iPhone Developer";
				COPY_PHASE_STRIP = NO;
				ENABLE_STRICT_OBJC_MSGSEND = YES;
				GCC_C_LANGUAGE_STANDARD = gnu99;
				GCC_DYNAMIC_NO_PIC = NO;
				GCC_OPTIMIZATION_LEVEL = 0;
				GCC_PREPROCESSOR_DEFINITIONS = (
					"DEBUG=1",
					"$(inherited)",
				);
				GCC_SYMBOLS_PRIVATE_EXTERN = NO;
				GCC_WARN_64_TO_32_BIT_CONVERSION = YES;
				GCC_WARN_ABOUT_RETURN_TYPE = YES_ERROR;
				GCC_WARN_UNDECLARED_SELECTOR = YES;
				GCC_WARN_UNINITIALIZED_AUTOS = YES_AGGRESSIVE;
				GCC_WARN_UNUSED_FUNCTION = YES;
				GCC_WARN_UNUSED_VARIABLE = YES;
				IPHONEOS_DEPLOYMENT_TARGET = 8.1;
				MTL_ENABLE_DEBUG_INFO = YES;
				ONLY_ACTIVE_ARCH = YES;
				SDKROOT = iphoneos;
				SWIFT_OPTIMIZATION_LEVEL = "-Onone";
			};
			name = Debug;
		};
		F516A56A1AC4360200258CC5 /* Release */ = {
			isa = XCBuildConfiguration;
			buildSettings = {
				ALWAYS_SEARCH_USER_PATHS = NO;
				CLANG_CXX_LANGUAGE_STANDARD = "gnu++0x";
				CLANG_CXX_LIBRARY = "libc++";
				CLANG_ENABLE_MODULES = YES;
				CLANG_ENABLE_OBJC_ARC = YES;
				CLANG_WARN_BOOL_CONVERSION = YES;
				CLANG_WARN_CONSTANT_CONVERSION = YES;
				CLANG_WARN_DIRECT_OBJC_ISA_USAGE = YES_ERROR;
				CLANG_WARN_EMPTY_BODY = YES;
				CLANG_WARN_ENUM_CONVERSION = YES;
				CLANG_WARN_INT_CONVERSION = YES;
				CLANG_WARN_OBJC_ROOT_CLASS = YES_ERROR;
				CLANG_WARN_UNREACHABLE_CODE = YES;
				CLANG_WARN__DUPLICATE_METHOD_MATCH = YES;
				"CODE_SIGN_IDENTITY[sdk=iphoneos*]" = "iPhone Developer";
				COPY_PHASE_STRIP = YES;
				ENABLE_NS_ASSERTIONS = NO;
				ENABLE_STRICT_OBJC_MSGSEND = YES;
				GCC_C_LANGUAGE_STANDARD = gnu99;
				GCC_WARN_64_TO_32_BIT_CONVERSION = YES;
				GCC_WARN_ABOUT_RETURN_TYPE = YES_ERROR;
				GCC_WARN_UNDECLARED_SELECTOR = YES;
				GCC_WARN_UNINITIALIZED_AUTOS = YES_AGGRESSIVE;
				GCC_WARN_UNUSED_FUNCTION = YES;
				GCC_WARN_UNUSED_VARIABLE = YES;
				IPHONEOS_DEPLOYMENT_TARGET = 8.1;
				MTL_ENABLE_DEBUG_INFO = NO;
				SDKROOT = iphoneos;
				VALIDATE_PRODUCT = YES;
			};
			name = Release;
		};
		F516A56C1AC4360200258CC5 /* Debug */ = {
			isa = XCBuildConfiguration;
			buildSettings = {
				ASSETCATALOG_COMPILER_APPICON_NAME = AppIcon;
				CODE_SIGN_IDENTITY = "iPhone Developer";
				INFOPLIST_FILE = PlanAway/Info.plist;
				LD_RUNPATH_SEARCH_PATHS = "$(inherited) @executable_path/Frameworks";
				PRODUCT_NAME = "$(TARGET_NAME)";
			};
			name = Debug;
		};
		F516A56D1AC4360200258CC5 /* Release */ = {
			isa = XCBuildConfiguration;
			buildSettings = {
				ASSETCATALOG_COMPILER_APPICON_NAME = AppIcon;
				CODE_SIGN_IDENTITY = "iPhone Developer";
				INFOPLIST_FILE = PlanAway/Info.plist;
				LD_RUNPATH_SEARCH_PATHS = "$(inherited) @executable_path/Frameworks";
				PRODUCT_NAME = "$(TARGET_NAME)";
			};
			name = Release;
		};
		F516A56F1AC4360200258CC5 /* Debug */ = {
			isa = XCBuildConfiguration;
			buildSettings = {
				BUNDLE_LOADER = "$(TEST_HOST)";
				FRAMEWORK_SEARCH_PATHS = (
					"$(SDKROOT)/Developer/Library/Frameworks",
					"$(inherited)",
				);
				GCC_PREPROCESSOR_DEFINITIONS = (
					"DEBUG=1",
					"$(inherited)",
				);
				INFOPLIST_FILE = PlanAwayTests/Info.plist;
				LD_RUNPATH_SEARCH_PATHS = "$(inherited) @executable_path/Frameworks @loader_path/Frameworks";
				PRODUCT_NAME = "$(TARGET_NAME)";
				TEST_HOST = "$(BUILT_PRODUCTS_DIR)/PlanAway.app/PlanAway";
			};
			name = Debug;
		};
		F516A5701AC4360200258CC5 /* Release */ = {
			isa = XCBuildConfiguration;
			buildSettings = {
				BUNDLE_LOADER = "$(TEST_HOST)";
				FRAMEWORK_SEARCH_PATHS = (
					"$(SDKROOT)/Developer/Library/Frameworks",
					"$(inherited)",
				);
				INFOPLIST_FILE = PlanAwayTests/Info.plist;
				LD_RUNPATH_SEARCH_PATHS = "$(inherited) @executable_path/Frameworks @loader_path/Frameworks";
				PRODUCT_NAME = "$(TARGET_NAME)";
				TEST_HOST = "$(BUILT_PRODUCTS_DIR)/PlanAway.app/PlanAway";
			};
			name = Release;
		};
/* End XCBuildConfiguration section */

/* Begin XCConfigurationList section */
		F516A5471AC4360200258CC5 /* Build configuration list for PBXProject "PlanAway" */ = {
			isa = XCConfigurationList;
			buildConfigurations = (
				F516A5691AC4360200258CC5 /* Debug */,
				F516A56A1AC4360200258CC5 /* Release */,
			);
			defaultConfigurationIsVisible = 0;
			defaultConfigurationName = Release;
		};
		F516A56B1AC4360200258CC5 /* Build configuration list for PBXNativeTarget "PlanAway" */ = {
			isa = XCConfigurationList;
			buildConfigurations = (
				F516A56C1AC4360200258CC5 /* Debug */,
				F516A56D1AC4360200258CC5 /* Release */,
			);
			defaultConfigurationIsVisible = 0;
			defaultConfigurationName = Release;
		};
		F516A56E1AC4360200258CC5 /* Build configuration list for PBXNativeTarget "PlanAwayTests" */ = {
			isa = XCConfigurationList;
			buildConfigurations = (
				F516A56F1AC4360200258CC5 /* Debug */,
				F516A5701AC4360200258CC5 /* Release */,
			);
			defaultConfigurationIsVisible = 0;
			defaultConfigurationName = Release;
		};
/* End XCConfigurationList section */
	};
	rootObject = F516A5441AC4360200258CC5 /* Project object */;
}
