// !$*UTF8*$!
{
	archiveVersion = 1;
	classes = {
	};
	objectVersion = 46;
	objects = {

/* Begin PBXBuildFile section */
		077FD7F31AA21FBE006BC924 /* AppDelegate.swift in Sources */ = {isa = PBXBuildFile; fileRef = 077FD7F21AA21FBE006BC924 /* AppDelegate.swift */; };
		077FD7F51AA21FBE006BC924 /* ViewController.swift in Sources */ = {isa = PBXBuildFile; fileRef = 077FD7F41AA21FBE006BC924 /* ViewController.swift */; };
		077FD7F81AA21FBE006BC924 /* Main.storyboard in Resources */ = {isa = PBXBuildFile; fileRef = 077FD7F61AA21FBE006BC924 /* Main.storyboard */; };
		077FD7FA1AA21FBE006BC924 /* Images.xcassets in Resources */ = {isa = PBXBuildFile; fileRef = 077FD7F91AA21FBE006BC924 /* Images.xcassets */; };
		077FD7FD1AA21FBE006BC924 /* LaunchScreen.xib in Resources */ = {isa = PBXBuildFile; fileRef = 077FD7FB1AA21FBE006BC924 /* LaunchScreen.xib */; };
		077FD8091AA21FBE006BC924 /* HelloWorldTests.swift in Sources */ = {isa = PBXBuildFile; fileRef = 077FD8081AA21FBE006BC924 /* HelloWorldTests.swift */; };
/* End PBXBuildFile section */

/* Begin PBXContainerItemProxy section */
		077FD8031AA21FBE006BC924 /* PBXContainerItemProxy */ = {
			isa = PBXContainerItemProxy;
			containerPortal = 077FD7E51AA21FBE006BC924 /* Project object */;
			proxyType = 1;
			remoteGlobalIDString = 077FD7EC1AA21FBE006BC924;
			remoteInfo = HelloWorld;
		};
/* End PBXContainerItemProxy section */

/* Begin PBXFileReference section */
		077FD7ED1AA21FBE006BC924 /* HelloWorld.app */ = {isa = PBXFileReference; explicitFileType = wrapper.application; includeInIndex = 0; path = HelloWorld.app; sourceTree = BUILT_PRODUCTS_DIR; };
		077FD7F11AA21FBE006BC924 /* Info.plist */ = {isa = PBXFileReference; lastKnownFileType = text.plist.xml; path = Info.plist; sourceTree = "<group>"; };
		077FD7F21AA21FBE006BC924 /* AppDelegate.swift */ = {isa = PBXFileReference; lastKnownFileType = sourcecode.swift; path = AppDelegate.swift; sourceTree = "<group>"; };
		077FD7F41AA21FBE006BC924 /* ViewController.swift */ = {isa = PBXFileReference; lastKnownFileType = sourcecode.swift; path = ViewController.swift; sourceTree = "<group>"; };
		077FD7F71AA21FBE006BC924 /* Base */ = {isa = PBXFileReference; lastKnownFileType = file.storyboard; name = Base; path = Base.lproj/Main.storyboard; sourceTree = "<group>"; };
		077FD7F91AA21FBE006BC924 /* Images.xcassets */ = {isa = PBXFileReference; lastKnownFileType = folder.assetcatalog; path = Images.xcassets; sourceTree = "<group>"; };
		077FD7FC1AA21FBE006BC924 /* Base */ = {isa = PBXFileReference; lastKnownFileType = file.xib; name = Base; path = Base.lproj/LaunchScreen.xib; sourceTree = "<group>"; };
		077FD8021AA21FBE006BC924 /* HelloWorldTests.xctest */ = {isa = PBXFileReference; explicitFileType = wrapper.cfbundle; includeInIndex = 0; path = HelloWorldTests.xctest; sourceTree = BUILT_PRODUCTS_DIR; };
		077FD8071AA21FBE006BC924 /* Info.plist */ = {isa = PBXFileReference; lastKnownFileType = text.plist.xml; path = Info.plist; sourceTree = "<group>"; };
		077FD8081AA21FBE006BC924 /* HelloWorldTests.swift */ = {isa = PBXFileReference; lastKnownFileType = sourcecode.swift; path = HelloWorldTests.swift; sourceTree = "<group>"; };
/* End PBXFileReference section */

/* Begin PBXFrameworksBuildPhase section */
		077FD7EA1AA21FBE006BC924 /* Frameworks */ = {
			isa = PBXFrameworksBuildPhase;
			buildActionMask = 2147483647;
			files = (
			);
			runOnlyForDeploymentPostprocessing = 0;
		};
		077FD7FF1AA21FBE006BC924 /* Frameworks */ = {
			isa = PBXFrameworksBuildPhase;
			buildActionMask = 2147483647;
			files = (
			);
			runOnlyForDeploymentPostprocessing = 0;
		};
/* End PBXFrameworksBuildPhase section */

/* Begin PBXGroup section */
		077FD7E41AA21FBE006BC924 = {
			isa = PBXGroup;
			children = (
				077FD7EF1AA21FBE006BC924 /* HelloWorld */,
				077FD8051AA21FBE006BC924 /* HelloWorldTests */,
				077FD7EE1AA21FBE006BC924 /* Products */,
			);
			sourceTree = "<group>";
		};
		077FD7EE1AA21FBE006BC924 /* Products */ = {
			isa = PBXGroup;
			children = (
				077FD7ED1AA21FBE006BC924 /* HelloWorld.app */,
				077FD8021AA21FBE006BC924 /* HelloWorldTests.xctest */,
			);
			name = Products;
			sourceTree = "<group>";
		};
		077FD7EF1AA21FBE006BC924 /* HelloWorld */ = {
			isa = PBXGroup;
			children = (
				077FD7F21AA21FBE006BC924 /* AppDelegate.swift */,
				077FD7F41AA21FBE006BC924 /* ViewController.swift */,
				077FD7F61AA21FBE006BC924 /* Main.storyboard */,
				077FD7F91AA21FBE006BC924 /* Images.xcassets */,
				077FD7FB1AA21FBE006BC924 /* LaunchScreen.xib */,
				077FD7F01AA21FBE006BC924 /* Supporting Files */,
			);
			path = HelloWorld;
			sourceTree = "<group>";
		};
		077FD7F01AA21FBE006BC924 /* Supporting Files */ = {
			isa = PBXGroup;
			children = (
				077FD7F11AA21FBE006BC924 /* Info.plist */,
			);
			name = "Supporting Files";
			sourceTree = "<group>";
		};
		077FD8051AA21FBE006BC924 /* HelloWorldTests */ = {
			isa = PBXGroup;
			children = (
				077FD8081AA21FBE006BC924 /* HelloWorldTests.swift */,
				077FD8061AA21FBE006BC924 /* Supporting Files */,
			);
			path = HelloWorldTests;
			sourceTree = "<group>";
		};
		077FD8061AA21FBE006BC924 /* Supporting Files */ = {
			isa = PBXGroup;
			children = (
				077FD8071AA21FBE006BC924 /* Info.plist */,
			);
			name = "Supporting Files";
			sourceTree = "<group>";
		};
/* End PBXGroup section */

/* Begin PBXNativeTarget section */
		077FD7EC1AA21FBE006BC924 /* HelloWorld */ = {
			isa = PBXNativeTarget;
			buildConfigurationList = 077FD80C1AA21FBE006BC924 /* Build configuration list for PBXNativeTarget "HelloWorld" */;
			buildPhases = (
				077FD7E91AA21FBE006BC924 /* Sources */,
				077FD7EA1AA21FBE006BC924 /* Frameworks */,
				077FD7EB1AA21FBE006BC924 /* Resources */,
			);
			buildRules = (
			);
			dependencies = (
			);
			name = HelloWorld;
			productName = HelloWorld;
			productReference = 077FD7ED1AA21FBE006BC924 /* HelloWorld.app */;
			productType = "com.apple.product-type.application";
		};
		077FD8011AA21FBE006BC924 /* HelloWorldTests */ = {
			isa = PBXNativeTarget;
			buildConfigurationList = 077FD80F1AA21FBE006BC924 /* Build configuration list for PBXNativeTarget "HelloWorldTests" */;
			buildPhases = (
				077FD7FE1AA21FBE006BC924 /* Sources */,
				077FD7FF1AA21FBE006BC924 /* Frameworks */,
				077FD8001AA21FBE006BC924 /* Resources */,
			);
			buildRules = (
			);
			dependencies = (
				077FD8041AA21FBE006BC924 /* PBXTargetDependency */,
			);
			name = HelloWorldTests;
			productName = HelloWorldTests;
			productReference = 077FD8021AA21FBE006BC924 /* HelloWorldTests.xctest */;
			productType = "com.apple.product-type.bundle.unit-test";
		};
/* End PBXNativeTarget section */

/* Begin PBXProject section */
		077FD7E51AA21FBE006BC924 /* Project object */ = {
			isa = PBXProject;
			attributes = {
				LastUpgradeCheck = 0610;
				ORGANIZATIONNAME = EDR;
				TargetAttributes = {
					077FD7EC1AA21FBE006BC924 = {
						CreatedOnToolsVersion = 6.1.1;
					};
					077FD8011AA21FBE006BC924 = {
						CreatedOnToolsVersion = 6.1.1;
						TestTargetID = 077FD7EC1AA21FBE006BC924;
					};
				};
			};
			buildConfigurationList = 077FD7E81AA21FBE006BC924 /* Build configuration list for PBXProject "HelloWorld" */;
			compatibilityVersion = "Xcode 3.2";
			developmentRegion = English;
			hasScannedForEncodings = 0;
			knownRegions = (
				en,
				Base,
			);
			mainGroup = 077FD7E41AA21FBE006BC924;
			productRefGroup = 077FD7EE1AA21FBE006BC924 /* Products */;
			projectDirPath = "";
			projectRoot = "";
			targets = (
				077FD7EC1AA21FBE006BC924 /* HelloWorld */,
				077FD8011AA21FBE006BC924 /* HelloWorldTests */,
			);
		};
/* End PBXProject section */

/* Begin PBXResourcesBuildPhase section */
		077FD7EB1AA21FBE006BC924 /* Resources */ = {
			isa = PBXResourcesBuildPhase;
			buildActionMask = 2147483647;
			files = (
				077FD7F81AA21FBE006BC924 /* Main.storyboard in Resources */,
				077FD7FD1AA21FBE006BC924 /* LaunchScreen.xib in Resources */,
				077FD7FA1AA21FBE006BC924 /* Images.xcassets in Resources */,
			);
			runOnlyForDeploymentPostprocessing = 0;
		};
		077FD8001AA21FBE006BC924 /* Resources */ = {
			isa = PBXResourcesBuildPhase;
			buildActionMask = 2147483647;
			files = (
			);
			runOnlyForDeploymentPostprocessing = 0;
		};
/* End PBXResourcesBuildPhase section */

/* Begin PBXSourcesBuildPhase section */
		077FD7E91AA21FBE006BC924 /* Sources */ = {
			isa = PBXSourcesBuildPhase;
			buildActionMask = 2147483647;
			files = (
				077FD7F51AA21FBE006BC924 /* ViewController.swift in Sources */,
				077FD7F31AA21FBE006BC924 /* AppDelegate.swift in Sources */,
			);
			runOnlyForDeploymentPostprocessing = 0;
		};
		077FD7FE1AA21FBE006BC924 /* Sources */ = {
			isa = PBXSourcesBuildPhase;
			buildActionMask = 2147483647;
			files = (
				077FD8091AA21FBE006BC924 /* HelloWorldTests.swift in Sources */,
			);
			runOnlyForDeploymentPostprocessing = 0;
		};
/* End PBXSourcesBuildPhase section */

/* Begin PBXTargetDependency section */
		077FD8041AA21FBE006BC924 /* PBXTargetDependency */ = {
			isa = PBXTargetDependency;
			target = 077FD7EC1AA21FBE006BC924 /* HelloWorld */;
			targetProxy = 077FD8031AA21FBE006BC924 /* PBXContainerItemProxy */;
		};
/* End PBXTargetDependency section */

/* Begin PBXVariantGroup section */
		077FD7F61AA21FBE006BC924 /* Main.storyboard */ = {
			isa = PBXVariantGroup;
			children = (
				077FD7F71AA21FBE006BC924 /* Base */,
			);
			name = Main.storyboard;
			sourceTree = "<group>";
		};
		077FD7FB1AA21FBE006BC924 /* LaunchScreen.xib */ = {
			isa = PBXVariantGroup;
			children = (
				077FD7FC1AA21FBE006BC924 /* Base */,
			);
			name = LaunchScreen.xib;
			sourceTree = "<group>";
		};
/* End PBXVariantGroup section */

/* Begin XCBuildConfiguration section */
		077FD80A1AA21FBE006BC924 /* Debug */ = {
			isa = XCBuildConfiguration;
			buildSettings = {
				ALWAYS_SEARCH_USER_PATHS = NO;
				CLANG_CXX_LANGUAGE_STANDARD = "gnu++0x";
				CLANG_CXX_LIBRARY = "libc++";
				CLANG_ENABLE_MODULES = YES;
				CLANG_ENABLE_OBJC_ARC = YES;
				CLANG_WARN_BOOL_CONVERSION = YES;
				CLANG_WARN_CONSTANT_CONVERSION = YES;
				CLANG_WARN_DIRECT_OBJC_ISA_USAGE = YES_ERROR;
				CLANG_WARN_EMPTY_BODY = YES;
				CLANG_WARN_ENUM_CONVERSION = YES;
				CLANG_WARN_INT_CONVERSION = YES;
				CLANG_WARN_OBJC_ROOT_CLASS = YES_ERROR;
				CLANG_WARN_UNREACHABLE_CODE = YES;
				CLANG_WARN__DUPLICATE_METHOD_MATCH = YES;
				"CODE_SIGN_IDENTITY[sdk=iphoneos*]" = "iPhone Developer";
				COPY_PHASE_STRIP = NO;
				ENABLE_STRICT_OBJC_MSGSEND = YES;
				GCC_C_LANGUAGE_STANDARD = gnu99;
				GCC_DYNAMIC_NO_PIC = NO;
				GCC_OPTIMIZATION_LEVEL = 0;
				GCC_PREPROCESSOR_DEFINITIONS = (
					"DEBUG=1",
					"$(inherited)",
				);
				GCC_SYMBOLS_PRIVATE_EXTERN = NO;
				GCC_WARN_64_TO_32_BIT_CONVERSION = YES;
				GCC_WARN_ABOUT_RETURN_TYPE = YES_ERROR;
				GCC_WARN_UNDECLARED_SELECTOR = YES;
				GCC_WARN_UNINITIALIZED_AUTOS = YES_AGGRESSIVE;
				GCC_WARN_UNUSED_FUNCTION = YES;
				GCC_WARN_UNUSED_VARIABLE = YES;
				IPHONEOS_DEPLOYMENT_TARGET = 8.1;
				MTL_ENABLE_DEBUG_INFO = YES;
				ONLY_ACTIVE_ARCH = YES;
				SDKROOT = iphoneos;
				SWIFT_OPTIMIZATION_LEVEL = "-Onone";
			};
			name = Debug;
		};
		077FD80B1AA21FBE006BC924 /* Release */ = {
			isa = XCBuildConfiguration;
			buildSettings = {
				ALWAYS_SEARCH_USER_PATHS = NO;
				CLANG_CXX_LANGUAGE_STANDARD = "gnu++0x";
				CLANG_CXX_LIBRARY = "libc++";
				CLANG_ENABLE_MODULES = YES;
				CLANG_ENABLE_OBJC_ARC = YES;
				CLANG_WARN_BOOL_CONVERSION = YES;
				CLANG_WARN_CONSTANT_CONVERSION = YES;
				CLANG_WARN_DIRECT_OBJC_ISA_USAGE = YES_ERROR;
				CLANG_WARN_EMPTY_BODY = YES;
				CLANG_WARN_ENUM_CONVERSION = YES;
				CLANG_WARN_INT_CONVERSION = YES;
				CLANG_WARN_OBJC_ROOT_CLASS = YES_ERROR;
				CLANG_WARN_UNREACHABLE_CODE = YES;
				CLANG_WARN__DUPLICATE_METHOD_MATCH = YES;
				"CODE_SIGN_IDENTITY[sdk=iphoneos*]" = "iPhone Developer";
				COPY_PHASE_STRIP = YES;
				ENABLE_NS_ASSERTIONS = NO;
				ENABLE_STRICT_OBJC_MSGSEND = YES;
				GCC_C_LANGUAGE_STANDARD = gnu99;
				GCC_WARN_64_TO_32_BIT_CONVERSION = YES;
				GCC_WARN_ABOUT_RETURN_TYPE = YES_ERROR;
				GCC_WARN_UNDECLARED_SELECTOR = YES;
				GCC_WARN_UNINITIALIZED_AUTOS = YES_AGGRESSIVE;
				GCC_WARN_UNUSED_FUNCTION = YES;
				GCC_WARN_UNUSED_VARIABLE = YES;
				IPHONEOS_DEPLOYMENT_TARGET = 8.1;
				MTL_ENABLE_DEBUG_INFO = NO;
				SDKROOT = iphoneos;
				VALIDATE_PRODUCT = YES;
			};
			name = Release;
		};
		077FD80D1AA21FBE006BC924 /* Debug */ = {
			isa = XCBuildConfiguration;
			buildSettings = {
				ASSETCATALOG_COMPILER_APPICON_NAME = AppIcon;
				INFOPLIST_FILE = HelloWorld/Info.plist;
				LD_RUNPATH_SEARCH_PATHS = "$(inherited) @executable_path/Frameworks";
				PRODUCT_NAME = "$(TARGET_NAME)";
			};
			name = Debug;
		};
		077FD80E1AA21FBE006BC924 /* Release */ = {
			isa = XCBuildConfiguration;
			buildSettings = {
				ASSETCATALOG_COMPILER_APPICON_NAME = AppIcon;
				INFOPLIST_FILE = HelloWorld/Info.plist;
				LD_RUNPATH_SEARCH_PATHS = "$(inherited) @executable_path/Frameworks";
				PRODUCT_NAME = "$(TARGET_NAME)";
			};
			name = Release;
		};
		077FD8101AA21FBE006BC924 /* Debug */ = {
			isa = XCBuildConfiguration;
			buildSettings = {
				BUNDLE_LOADER = "$(TEST_HOST)";
				FRAMEWORK_SEARCH_PATHS = (
					"$(SDKROOT)/Developer/Library/Frameworks",
					"$(inherited)",
				);
				GCC_PREPROCESSOR_DEFINITIONS = (
					"DEBUG=1",
					"$(inherited)",
				);
				INFOPLIST_FILE = HelloWorldTests/Info.plist;
				LD_RUNPATH_SEARCH_PATHS = "$(inherited) @executable_path/Frameworks @loader_path/Frameworks";
				PRODUCT_NAME = "$(TARGET_NAME)";
				TEST_HOST = "$(BUILT_PRODUCTS_DIR)/HelloWorld.app/HelloWorld";
			};
			name = Debug;
		};
		077FD8111AA21FBE006BC924 /* Release */ = {
			isa = XCBuildConfiguration;
			buildSettings = {
				BUNDLE_LOADER = "$(TEST_HOST)";
				FRAMEWORK_SEARCH_PATHS = (
					"$(SDKROOT)/Developer/Library/Frameworks",
					"$(inherited)",
				);
				INFOPLIST_FILE = HelloWorldTests/Info.plist;
				LD_RUNPATH_SEARCH_PATHS = "$(inherited) @executable_path/Frameworks @loader_path/Frameworks";
				PRODUCT_NAME = "$(TARGET_NAME)";
				TEST_HOST = "$(BUILT_PRODUCTS_DIR)/HelloWorld.app/HelloWorld";
			};
			name = Release;
		};
/* End XCBuildConfiguration section */

/* Begin XCConfigurationList section */
		077FD7E81AA21FBE006BC924 /* Build configuration list for PBXProject "HelloWorld" */ = {
			isa = XCConfigurationList;
			buildConfigurations = (
				077FD80A1AA21FBE006BC924 /* Debug */,
				077FD80B1AA21FBE006BC924 /* Release */,
			);
			defaultConfigurationIsVisible = 0;
			defaultConfigurationName = Release;
		};
		077FD80C1AA21FBE006BC924 /* Build configuration list for PBXNativeTarget "HelloWorld" */ = {
			isa = XCConfigurationList;
			buildConfigurations = (
				077FD80D1AA21FBE006BC924 /* Debug */,
				077FD80E1AA21FBE006BC924 /* Release */,
			);
			defaultConfigurationIsVisible = 0;
		};
		077FD80F1AA21FBE006BC924 /* Build configuration list for PBXNativeTarget "HelloWorldTests" */ = {
			isa = XCConfigurationList;
			buildConfigurations = (
				077FD8101AA21FBE006BC924 /* Debug */,
				077FD8111AA21FBE006BC924 /* Release */,
			);
			defaultConfigurationIsVisible = 0;
		};
/* End XCConfigurationList section */
	};
	rootObject = 077FD7E51AA21FBE006BC924 /* Project object */;
}
